
Microsoft Visual Studio Solution File, Format Version 12.00
# Visual Studio 15
VisualStudioVersion = 15.0.27428.2015
MinimumVisualStudioVersion = 10.0.40219.1
Project("{9A19103F-16F7-4668-BE54-9A1E7A4F7556}") = "OpenSim.WebServer.App", "OpenSim.WebServer.App\OpenSim.WebServer.App.csproj", "{4B96BBBE-7DCB-4DF3-B9E2-C6369E0AF376}"
EndProject
Project("{2150E333-8FDC-42A3-9474-1A3956D46DE8}") = "Solution Items", "Solution Items", "{D91B1748-7EE5-4538-96FA-CF3FFCC0D94A}"
	ProjectSection(SolutionItems) = preProject
		TODO.txt = TODO.txt
	EndProjectSection
EndProject
Global
	GlobalSection(SolutionConfigurationPlatforms) = preSolution
		Debug|Any CPU = Debug|Any CPU
		Release|Any CPU = Release|Any CPU
	EndGlobalSection
	GlobalSection(ProjectConfigurationPlatforms) = postSolution
		{4B96BBBE-7DCB-4DF3-B9E2-C6369E0AF376}.Debug|Any CPU.ActiveCfg = Debug|Any CPU
		{4B96BBBE-7DCB-4DF3-B9E2-C6369E0AF376}.Debug|Any CPU.Build.0 = Debug|Any CPU
		{4B96BBBE-7DCB-4DF3-B9E2-C6369E0AF376}.Release|Any CPU.ActiveCfg = Release|Any CPU
		{4B96BBBE-7DCB-4DF3-B9E2-C6369E0AF376}.Release|Any CPU.Build.0 = Release|Any CPU
	EndGlobalSection
	GlobalSection(SolutionProperties) = preSolution
		HideSolutionNode = FALSE
	EndGlobalSection
	GlobalSection(ExtensibilityGlobals) = postSolution
		SolutionGuid = {146647CF-884B-4F08-9582-BA8EAB30DCC8}
	EndGlobalSection
EndGlobal
